Microsoft Visual Studio Solution File, Format Version 12.00
# Visual Studio 2012
Project("{FAE04EC0-301F-11D3-BF4B-00C04F79EFBC}") = "TutoRPGHeartBeast", "TutoRPGHeartBeast.csproj", "{7CA3AB73-51DF-4D9A-9405-506E8DE937EE}"
EndProject
Global
	GlobalSection(SolutionConfigurationPlatforms) = preSolution
	Debug|Any CPU = Debug|Any CPU
	ExportDebug|Any CPU = ExportDebug|Any CPU
	ExportRelease|Any CPU = ExportRelease|Any CPU
	EndGlobalSection
	GlobalSection(ProjectConfigurationPlatforms) = postSolution
		{7CA3AB73-51DF-4D9A-9405-506E8DE937EE}.Debug|Any CPU.ActiveCfg = Debug|Any CPU
		{7CA3AB73-51DF-4D9A-9405-506E8DE937EE}.Debug|Any CPU.Build.0 = Debug|Any CPU
		{7CA3AB73-51DF-4D9A-9405-506E8DE937EE}.ExportDebug|Any CPU.ActiveCfg = ExportDebug|Any CPU
		{7CA3AB73-51DF-4D9A-9405-506E8DE937EE}.ExportDebug|Any CPU.Build.0 = ExportDebug|Any CPU
		{7CA3AB73-51DF-4D9A-9405-506E8DE937EE}.ExportRelease|Any CPU.ActiveCfg = ExportRelease|Any CPU
		{7CA3AB73-51DF-4D9A-9405-506E8DE937EE}.ExportRelease|Any CPU.Build.0 = ExportRelease|Any CPU
	EndGlobalSection
EndGlobal
